# @generated - this file is auto-generated by `mise lock` https://mise.jdx.dev/dev-tools/mise-lock.html

lockfile_version = 1

[[tools."cargo:cargo-deny"]]
version = "0.20.2"
backend = "cargo:cargo-deny"
specifiers = ["latest"]

[[tools.rust]]
version = "1.94.1"
backend = "core:rust"
specifiers = ["1.94.1"]
